
Microsoft Visual Studio Solution File, Format Version 12.00
# Visual Studio Version 17
VisualStudioVersion = 17.7.34003.232
MinimumVisualStudioVersion = 10.0.40219.1
Project("{9A19103F-16F7-4668-BE54-9A1E7A4F7556}") = "PrinterConnector", "PrinterConnector.csproj", "{D61F232A-913C-459F-A112-B2FC07A1AF2F}"
EndProject
Global
	GlobalSection(SolutionConfigurationPlatforms) = preSolution
		Debug|Any CPU = Debug|Any CPU
		Release|Any CPU = Release|Any CPU
	EndGlobalSection
	GlobalSection(ProjectConfigurationPlatforms) = postSolution
		{D61F232A-913C-459F-A112-B2FC07A1AF2F}.Debug|Any CPU.ActiveCfg = Debug|Any CPU
		{D61F232A-913C-459F-A112-B2FC07A1AF2F}.Debug|Any CPU.Build.0 = Debug|Any CPU
		{D61F232A-913C-459F-A112-B2FC07A1AF2F}.Release|Any CPU.ActiveCfg = Release|Any CPU
		{D61F232A-913C-459F-A112-B2FC07A1AF2F}.Release|Any CPU.Build.0 = Release|Any CPU
	EndGlobalSection
	GlobalSection(SolutionProperties) = preSolution
		HideSolutionNode = FALSE
	EndGlobalSection
	GlobalSection(ExtensibilityGlobals) = postSolution
		SolutionGuid = {5E967ABF-C345-4F37-B559-71DB72C90A7A}
	EndGlobalSection
EndGlobal
